// !$*UTF8*$!
{
	archiveVersion = 1;
	classes = {
	};
	objectVersion = 50;
	objects = {

/* Begin PBXBuildFile section */
		3234CDD82216F4F000DBBDAE /* AppDelegate.swift in Sources */ = {isa = PBXBuildFile; fileRef = 3234CDD72216F4F000DBBDAE /* AppDelegate.swift */; };
		3234CDDA2216F4F000DBBDAE /* TodoListViewController.swift in Sources */ = {isa = PBXBuildFile; fileRef = 3234CDD92216F4F000DBBDAE /* TodoListViewController.swift */; };
		3234CDDD2216F4F000DBBDAE /* Main.storyboard in Resources */ = {isa = PBXBuildFile; fileRef = 3234CDDB2216F4F000DBBDAE /* Main.storyboard */; };
		3234CDDF2216F4F300DBBDAE /* Assets.xcassets in Resources */ = {isa = PBXBuildFile; fileRef = 3234CDDE2216F4F300DBBDAE /* Assets.xcassets */; };
		3234CDE22216F4F300DBBDAE /* LaunchScreen.storyboard in Resources */ = {isa = PBXBuildFile; fileRef = 3234CDE02216F4F300DBBDAE /* LaunchScreen.storyboard */; };
		3234CE142217347A00DBBDAE /* CategoryViewController.swift in Sources */ = {isa = PBXBuildFile; fileRef = 3234CE132217347A00DBBDAE /* CategoryViewController.swift */; };
		32D2B20022189091006C3115 /* Item.swift in Sources */ = {isa = PBXBuildFile; fileRef = 32D2B1FF22189091006C3115 /* Item.swift */; };
		32D2B2022218909D006C3115 /* Category.swift in Sources */ = {isa = PBXBuildFile; fileRef = 32D2B2012218909D006C3115 /* Category.swift */; };
		A594629DAEC2DBECA8C2F65E /* Pods_Todoey.framework in Frameworks */ = {isa = PBXBuildFile; fileRef = A7D3983564D130906AA9CAB6 /* Pods_Todoey.framework */; };
/* End PBXBuildFile section */

/* Begin PBXFileReference section */
		3234CDD42216F4F000DBBDAE /* Todoey.app */ = {isa = PBXFileReference; explicitFileType = wrapper.application; includeInIndex = 0; path = Todoey.app; sourceTree = BUILT_PRODUCTS_DIR; };
		3234CDD72216F4F000DBBDAE /* AppDelegate.swift */ = {isa = PBXFileReference; lastKnownFileType = sourcecode.swift; path = AppDelegate.swift; sourceTree = "<group>"; };
		3234CDD92216F4F000DBBDAE /* TodoListViewController.swift */ = {isa = PBXFileReference; lastKnownFileType = sourcecode.swift; path = TodoListViewController.swift; sourceTree = "<group>"; };
		3234CDDC2216F4F000DBBDAE /* Base */ = {isa = PBXFileReference; lastKnownFileType = file.storyboard; name = Base; path = Base.lproj/Main.storyboard; sourceTree = "<group>"; };
		3234CDDE2216F4F300DBBDAE /* Assets.xcassets */ = {isa = PBXFileReference; lastKnownFileType = folder.assetcatalog; path = Assets.xcassets; sourceTree = "<group>"; };
		3234CDE12216F4F300DBBDAE /* Base */ = {isa = PBXFileReference; lastKnownFileType = file.storyboard; name = Base; path = Base.lproj/LaunchScreen.storyboard; sourceTree = "<group>"; };
		3234CDE32216F4F300DBBDAE /* Info.plist */ = {isa = PBXFileReference; lastKnownFileType = text.plist.xml; path = Info.plist; sourceTree = "<group>"; };
		3234CE132217347A00DBBDAE /* CategoryViewController.swift */ = {isa = PBXFileReference; lastKnownFileType = sourcecode.swift; path = CategoryViewController.swift; sourceTree = "<group>"; };
		32D2B1FF22189091006C3115 /* Item.swift */ = {isa = PBXFileReference; lastKnownFileType = sourcecode.swift; path = Item.swift; sourceTree = "<group>"; };
		32D2B2012218909D006C3115 /* Category.swift */ = {isa = PBXFileReference; lastKnownFileType = sourcecode.swift; path = Category.swift; sourceTree = "<group>"; };
		66AC5F12B6286677C5013955 /* Pods-Todoey.debug.xcconfig */ = {isa = PBXFileReference; includeInIndex = 1; lastKnownFileType = text.xcconfig; name = "Pods-Todoey.debug.xcconfig"; path = "Target Support Files/Pods-Todoey/Pods-Todoey.debug.xcconfig"; sourceTree = "<group>"; };
		A7D3983564D130906AA9CAB6 /* Pods_Todoey.framework */ = {isa = PBXFileReference; explicitFileType = wrapper.framework; includeInIndex = 0; path = Pods_Todoey.framework; sourceTree = BUILT_PRODUCTS_DIR; };
		C9814A6A339800EEDD2E0EC8 /* Pods-Todoey.release.xcconfig */ = {isa = PBXFileReference; includeInIndex = 1; lastKnownFileType = text.xcconfig; name = "Pods-Todoey.release.xcconfig"; path = "Target Support Files/Pods-Todoey/Pods-Todoey.release.xcconfig"; sourceTree = "<group>"; };
/* End PBXFileReference section */

/* Begin PBXFrameworksBuildPhase section */
		3234CDD12216F4F000DBBDAE /* Frameworks */ = {
			isa = PBXFrameworksBuildPhase;
			buildActionMask = 2147483647;
			files = (
				A594629DAEC2DBECA8C2F65E /* Pods_Todoey.framework in Frameworks */,
			);
			runOnlyForDeploymentPostprocessing = 0;
		};
/* End PBXFrameworksBuildPhase section */

/* Begin PBXGroup section */
		3234CDCB2216F4F000DBBDAE = {
			isa = PBXGroup;
			children = (
				3234CDD62216F4F000DBBDAE /* Todoey */,
				3234CDD52216F4F000DBBDAE /* Products */,
				9D045353E73532122B76D798 /* Pods */,
				B447DA48DE9011CD960EC20B /* Frameworks */,
			);
			sourceTree = "<group>";
		};
		3234CDD52216F4F000DBBDAE /* Products */ = {
			isa = PBXGroup;
			children = (
				3234CDD42216F4F000DBBDAE /* Todoey.app */,
			);
			name = Products;
			sourceTree = "<group>";
		};
		3234CDD62216F4F000DBBDAE /* Todoey */ = {
			isa = PBXGroup;
			children = (
				3234CDD72216F4F000DBBDAE /* AppDelegate.swift */,
				3234CDEC22170C9600DBBDAE /* Controllers */,
				3234CDED22170CA600DBBDAE /* Views */,
				3234CDEE22170CC000DBBDAE /* Supporting Files */,
				3234CDE32216F4F300DBBDAE /* Info.plist */,
				3234CDEB22170C7B00DBBDAE /* Data Model */,
			);
			path = Todoey;
			sourceTree = "<group>";
		};
		3234CDEB22170C7B00DBBDAE /* Data Model */ = {
			isa = PBXGroup;
			children = (
				32D2B2012218909D006C3115 /* Category.swift */,
				32D2B1FF22189091006C3115 /* Item.swift */,
			);
			path = "Data Model";
			sourceTree = "<group>";
		};
		3234CDEC22170C9600DBBDAE /* Controllers */ = {
			isa = PBXGroup;
			children = (
				3234CE132217347A00DBBDAE /* CategoryViewController.swift */,
				3234CDD92216F4F000DBBDAE /* TodoListViewController.swift */,
			);
			path = Controllers;
			sourceTree = "<group>";
		};
		3234CDED22170CA600DBBDAE /* Views */ = {
			isa = PBXGroup;
			children = (
				3234CDDB2216F4F000DBBDAE /* Main.storyboard */,
			);
			path = Views;
			sourceTree = "<group>";
		};
		3234CDEE22170CC000DBBDAE /* Supporting Files */ = {
			isa = PBXGroup;
			children = (
				3234CDDE2216F4F300DBBDAE /* Assets.xcassets */,
				3234CDE02216F4F300DBBDAE /* LaunchScreen.storyboard */,
			);
			path = "Supporting Files";
			sourceTree = "<group>";
		};
		9D045353E73532122B76D798 /* Pods */ = {
			isa = PBXGroup;
			children = (
				66AC5F12B6286677C5013955 /* Pods-Todoey.debug.xcconfig */,
				C9814A6A339800EEDD2E0EC8 /* Pods-Todoey.release.xcconfig */,
			);
			path = Pods;
			sourceTree = "<group>";
		};
		B447DA48DE9011CD960EC20B /* Frameworks */ = {
			isa = PBXGroup;
			children = (
				A7D3983564D130906AA9CAB6 /* Pods_Todoey.framework */,
			);
			name = Frameworks;
			sourceTree = "<group>";
		};
/* End PBXGroup section */

/* Begin PBXNativeTarget section */
		3234CDD32216F4F000DBBDAE /* Todoey */ = {
			isa = PBXNativeTarget;
			buildConfigurationList = 3234CDE62216F4F300DBBDAE /* Build configuration list for PBXNativeTarget "Todoey" */;
			buildPhases = (
				E821B0810E966F2D0F78752A /* [CP] Check Pods Manifest.lock */,
				3234CDD02216F4F000DBBDAE /* Sources */,
				3234CDD12216F4F000DBBDAE /* Frameworks */,
				3234CDD22216F4F000DBBDAE /* Resources */,
				680611CE2475B49C0AD972B0 /* [CP] Embed Pods Frameworks */,
			);
			buildRules = (
			);
			dependencies = (
			);
			name = Todoey;
			productName = Todoey;
			productReference = 3234CDD42216F4F000DBBDAE /* Todoey.app */;
			productType = "com.apple.product-type.application";
		};
/* End PBXNativeTarget section */

/* Begin PBXProject section */
		3234CDCC2216F4F000DBBDAE /* Project object */ = {
			isa = PBXProject;
			attributes = {
				LastSwiftUpdateCheck = 1010;
				LastUpgradeCheck = 1010;
				ORGANIZATIONNAME = "Brandon Lehr";
				TargetAttributes = {
					3234CDD32216F4F000DBBDAE = {
						CreatedOnToolsVersion = 10.1;
					};
				};
			};
			buildConfigurationList = 3234CDCF2216F4F000DBBDAE /* Build configuration list for PBXProject "Todoey" */;
			compatibilityVersion = "Xcode 9.3";
			developmentRegion = en;
			hasScannedForEncodings = 0;
			knownRegions = (
				en,
				Base,
			);
			mainGroup = 3234CDCB2216F4F000DBBDAE;
			productRefGroup = 3234CDD52216F4F000DBBDAE /* Products */;
			projectDirPath = "";
			projectRoot = "";
			targets = (
				3234CDD32216F4F000DBBDAE /* Todoey */,
			);
		};
/* End PBXProject section */

/* Begin PBXResourcesBuildPhase section */
		3234CDD22216F4F000DBBDAE /* Resources */ = {
			isa = PBXResourcesBuildPhase;
			buildActionMask = 2147483647;
			files = (
				3234CDE22216F4F300DBBDAE /* LaunchScreen.storyboard in Resources */,
				3234CDDF2216F4F300DBBDAE /* Assets.xcassets in Resources */,
				3234CDDD2216F4F000DBBDAE /* Main.storyboard in Resources */,
			);
			runOnlyForDeploymentPostprocessing = 0;
		};
/* End PBXResourcesBuildPhase section */

/* Begin PBXShellScriptBuildPhase section */
		680611CE2475B49C0AD972B0 /* [CP] Embed Pods Frameworks */ = {
			isa = PBXShellScriptBuildPhase;
			buildActionMask = 2147483647;
			files = (
			);
			inputFileListPaths = (
			);
			inputPaths = (
				"${PODS_ROOT}/Target Support Files/Pods-Todoey/Pods-Todoey-frameworks.sh",
				"${BUILT_PRODUCTS_DIR}/Realm/Realm.framework",
				"${BUILT_PRODUCTS_DIR}/RealmSwift/RealmSwift.framework",
			);
			name = "[CP] Embed Pods Frameworks";
			outputFileListPaths = (
			);
			outputPaths = (
				"${TARGET_BUILD_DIR}/${FRAMEWORKS_FOLDER_PATH}/Realm.framework",
				"${TARGET_BUILD_DIR}/${FRAMEWORKS_FOLDER_PATH}/RealmSwift.framework",
			);
			runOnlyForDeploymentPostprocessing = 0;
			shellPath = /bin/sh;
			shellScript = "\"${PODS_ROOT}/Target Support Files/Pods-Todoey/Pods-Todoey-frameworks.sh\"\n";
			showEnvVarsInLog = 0;
		};
		E821B0810E966F2D0F78752A /* [CP] Check Pods Manifest.lock */ = {
			isa = PBXShellScriptBuildPhase;
			buildActionMask = 2147483647;
			files = (
			);
			inputFileListPaths = (
			);
			inputPaths = (
				"${PODS_PODFILE_DIR_PATH}/Podfile.lock",
				"${PODS_ROOT}/Manifest.lock",
			);
			name = "[CP] Check Pods Manifest.lock";
			outputFileListPaths = (
			);
			outputPaths = (
				"$(DERIVED_FILE_DIR)/Pods-Todoey-checkManifestLockResult.txt",
			);
			runOnlyForDeploymentPostprocessing = 0;
			shellPath = /bin/sh;
			shellScript = "diff \"${PODS_PODFILE_DIR_PATH}/Podfile.lock\" \"${PODS_ROOT}/Manifest.lock\" > /dev/null\nif [ $? != 0 ] ; then\n    # print error to STDERR\n    echo \"error: The sandbox is not in sync with the Podfile.lock. Run 'pod install' or update your CocoaPods installation.\" >&2\n    exit 1\nfi\n# This output is used by Xcode 'outputs' to avoid re-running this script phase.\necho \"SUCCESS\" > \"${SCRIPT_OUTPUT_FILE_0}\"\n";
			showEnvVarsInLog = 0;
		};
/* End PBXShellScriptBuildPhase section */

/* Begin PBXSourcesBuildPhase section */
		3234CDD02216F4F000DBBDAE /* Sources */ = {
			isa = PBXSourcesBuildPhase;
			buildActionMask = 2147483647;
			files = (
				32D2B20022189091006C3115 /* Item.swift in Sources */,
				3234CE142217347A00DBBDAE /* CategoryViewController.swift in Sources */,
				3234CDDA2216F4F000DBBDAE /* TodoListViewController.swift in Sources */,
				3234CDD82216F4F000DBBDAE /* AppDelegate.swift in Sources */,
				32D2B2022218909D006C3115 /* Category.swift in Sources */,
			);
			runOnlyForDeploymentPostprocessing = 0;
		};
/* End PBXSourcesBuildPhase section */

/* Begin PBXVariantGroup section */
		3234CDDB2216F4F000DBBDAE /* Main.storyboard */ = {
			isa = PBXVariantGroup;
			children = (
				3234CDDC2216F4F000DBBDAE /* Base */,
			);
			name = Main.storyboard;
			sourceTree = "<group>";
		};
		3234CDE02216F4F300DBBDAE /* LaunchScreen.storyboard */ = {
			isa = PBXVariantGroup;
			children = (
				3234CDE12216F4F300DBBDAE /* Base */,
			);
			name = LaunchScreen.storyboard;
			sourceTree = "<group>";
		};
/* End PBXVariantGroup section */

/* Begin XCBuildConfiguration section */
		3234CDE42216F4F300DBBDAE /* Debug */ = {
			isa = XCBuildConfiguration;
			buildSettings = {
				ALWAYS_SEARCH_USER_PATHS = NO;
				CLANG_ANALYZER_NONNULL = YES;
				CLANG_ANALYZER_NUMBER_OBJECT_CONVERSION = YES_AGGRESSIVE;
				CLANG_CXX_LANGUAGE_STANDARD = "gnu++14";
				CLANG_CXX_LIBRARY = "libc++";
				CLANG_ENABLE_MODULES = YES;
				CLANG_ENABLE_OBJC_ARC = YES;
				CLANG_ENABLE_OBJC_WEAK = YES;
				CLANG_WARN_BLOCK_CAPTURE_AUTORELEASING = YES;
				CLANG_WARN_BOOL_CONVERSION = YES;
				CLANG_WARN_COMMA = YES;
				CLANG_WARN_CONSTANT_CONVERSION = YES;
				CLANG_WARN_DEPRECATED_OBJC_IMPLEMENTATIONS = YES;
				CLANG_WARN_DIRECT_OBJC_ISA_USAGE = YES_ERROR;
				CLANG_WARN_DOCUMENTATION_COMMENTS = YES;
				CLANG_WARN_EMPTY_BODY = YES;
				CLANG_WARN_ENUM_CONVERSION = YES;
				CLANG_WARN_INFINITE_RECURSION = YES;
				CLANG_WARN_INT_CONVERSION = YES;
				CLANG_WARN_NON_LITERAL_NULL_CONVERSION = YES;
				CLANG_WARN_OBJC_IMPLICIT_RETAIN_SELF = YES;
				CLANG_WARN_OBJC_LITERAL_CONVERSION = YES;
				CLANG_WARN_OBJC_ROOT_CLASS = YES_ERROR;
				CLANG_WARN_RANGE_LOOP_ANALYSIS = YES;
				CLANG_WARN_STRICT_PROTOTYPES = YES;
				CLANG_WARN_SUSPICIOUS_MOVE = YES;
				CLANG_WARN_UNGUARDED_AVAILABILITY = YES_AGGRESSIVE;
				CLANG_WARN_UNREACHABLE_CODE = YES;
				CLANG_WARN__DUPLICATE_METHOD_MATCH = YES;
				CODE_SIGN_IDENTITY = "iPhone Developer";
				COPY_PHASE_STRIP = NO;
				DEBUG_INFORMATION_FORMAT = dwarf;
				ENABLE_STRICT_OBJC_MSGSEND = YES;
				ENABLE_TESTABILITY = YES;
				GCC_C_LANGUAGE_STANDARD = gnu11;
				GCC_DYNAMIC_NO_PIC = NO;
				GCC_NO_COMMON_BLOCKS = YES;
				GCC_OPTIMIZATION_LEVEL = 0;
				GCC_PREPROCESSOR_DEFINITIONS = (
					"DEBUG=1",
					"$(inherited)",
				);
				GCC_WARN_64_TO_32_BIT_CONVERSION = YES;
				GCC_WARN_ABOUT_RETURN_TYPE = YES_ERROR;
				GCC_WARN_UNDECLARED_SELECTOR = YES;
				GCC_WARN_UNINITIALIZED_AUTOS = YES_AGGRESSIVE;
				GCC_WARN_UNUSED_FUNCTION = YES;
				GCC_WARN_UNUSED_VARIABLE = YES;
				IPHONEOS_DEPLOYMENT_TARGET = 12.1;
				MTL_ENABLE_DEBUG_INFO = INCLUDE_SOURCE;
				MTL_FAST_MATH = YES;
				ONLY_ACTIVE_ARCH = YES;
				SDKROOT = iphoneos;
				SWIFT_ACTIVE_COMPILATION_CONDITIONS = DEBUG;
				SWIFT_OPTIMIZATION_LEVEL = "-Onone";
			};
			name = Debug;
		};
		3234CDE52216F4F300DBBDAE /* Release */ = {
			isa = XCBuildConfiguration;
			buildSettings = {
				ALWAYS_SEARCH_USER_PATHS = NO;
				CLANG_ANALYZER_NONNULL = YES;
				CLANG_ANALYZER_NUMBER_OBJECT_CONVERSION = YES_AGGRESSIVE;
				CLANG_CXX_LANGUAGE_STANDARD = "gnu++14";
				CLANG_CXX_LIBRARY = "libc++";
				CLANG_ENABLE_MODULES = YES;
				CLANG_ENABLE_OBJC_ARC = YES;
				CLANG_ENABLE_OBJC_WEAK = YES;
				CLANG_WARN_BLOCK_CAPTURE_AUTORELEASING = YES;
				CLANG_WARN_BOOL_CONVERSION = YES;
				CLANG_WARN_COMMA = YES;
				CLANG_WARN_CONSTANT_CONVERSION = YES;
				CLANG_WARN_DEPRECATED_OBJC_IMPLEMENTATIONS = YES;
				CLANG_WARN_DIRECT_OBJC_ISA_USAGE = YES_ERROR;
				CLANG_WARN_DOCUMENTATION_COMMENTS = YES;
				CLANG_WARN_EMPTY_BODY = YES;
				CLANG_WARN_ENUM_CONVERSION = YES;
				CLANG_WARN_INFINITE_RECURSION = YES;
				CLANG_WARN_INT_CONVERSION = YES;
				CLANG_WARN_NON_LITERAL_NULL_CONVERSION = YES;
				CLANG_WARN_OBJC_IMPLICIT_RETAIN_SELF = YES;
				CLANG_WARN_OBJC_LITERAL_CONVERSION = YES;
				CLANG_WARN_OBJC_ROOT_CLASS = YES_ERROR;
				CLANG_WARN_RANGE_LOOP_ANALYSIS = YES;
				CLANG_WARN_STRICT_PROTOTYPES = YES;
				CLANG_WARN_SUSPICIOUS_MOVE = YES;
				CLANG_WARN_UNGUARDED_AVAILABILITY = YES_AGGRESSIVE;
				CLANG_WARN_UNREACHABLE_CODE = YES;
				CLANG_WARN__DUPLICATE_METHOD_MATCH = YES;
				CODE_SIGN_IDENTITY = "iPhone Developer";
				COPY_PHASE_STRIP = NO;
				DEBUG_INFORMATION_FORMAT = "dwarf-with-dsym";
				ENABLE_NS_ASSERTIONS = NO;
				ENABLE_STRICT_OBJC_MSGSEND = YES;
				GCC_C_LANGUAGE_STANDARD = gnu11;
				GCC_NO_COMMON_BLOCKS = YES;
				GCC_WARN_64_TO_32_BIT_CONVERSION = YES;
				GCC_WARN_ABOUT_RETURN_TYPE = YES_ERROR;
				GCC_WARN_UNDECLARED_SELECTOR = YES;
				GCC_WARN_UNINITIALIZED_AUTOS = YES_AGGRESSIVE;
				GCC_WARN_UNUSED_FUNCTION = YES;
				GCC_WARN_UNUSED_VARIABLE = YES;
				IPHONEOS_DEPLOYMENT_TARGET = 12.1;
				MTL_ENABLE_DEBUG_INFO = NO;
				MTL_FAST_MATH = YES;
				SDKROOT = iphoneos;
				SWIFT_COMPILATION_MODE = wholemodule;
				SWIFT_OPTIMIZATION_LEVEL = "-O";
				VALIDATE_PRODUCT = YES;
			};
			name = Release;
		};
		3234CDE72216F4F300DBBDAE /* Debug */ = {
			isa = XCBuildConfiguration;
			baseConfigurationReference = 66AC5F12B6286677C5013955 /* Pods-Todoey.debug.xcconfig */;
			buildSettings = {
				ASSETCATALOG_COMPILER_APPICON_NAME = AppIcon;
				CODE_SIGN_STYLE = Automatic;
				INFOPLIST_FILE = Todoey/Info.plist;
				LD_RUNPATH_SEARCH_PATHS = (
					"$(inherited)",
					"@executable_path/Frameworks",
				);
				PRODUCT_BUNDLE_IDENTIFIER = com.brandonlehr.Todoey;
				PRODUCT_NAME = "$(TARGET_NAME)";
				SWIFT_VERSION = 4.2;
				TARGETED_DEVICE_FAMILY = "1,2";
			};
			name = Debug;
		};
		3234CDE82216F4F300DBBDAE /* Release */ = {
			isa = XCBuildConfiguration;
			baseConfigurationReference = C9814A6A339800EEDD2E0EC8 /* Pods-Todoey.release.xcconfig */;
			buildSettings = {
				ASSETCATALOG_COMPILER_APPICON_NAME = AppIcon;
				CODE_SIGN_STYLE = Automatic;
				INFOPLIST_FILE = Todoey/Info.plist;
				LD_RUNPATH_SEARCH_PATHS = (
					"$(inherited)",
					"@executable_path/Frameworks",
				);
				PRODUCT_BUNDLE_IDENTIFIER = com.brandonlehr.Todoey;
				PRODUCT_NAME = "$(TARGET_NAME)";
				SWIFT_VERSION = 4.2;
				TARGETED_DEVICE_FAMILY = "1,2";
			};
			name = Release;
		};
/* End XCBuildConfiguration section */

/* Begin XCConfigurationList section */
		3234CDCF2216F4F000DBBDAE /* Build configuration list for PBXProject "Todoey" */ = {
			isa = XCConfigurationList;
			buildConfigurations = (
				3234CDE42216F4F300DBBDAE /* Debug */,
				3234CDE52216F4F300DBBDAE /* Release */,
			);
			defaultConfigurationIsVisible = 0;
			defaultConfigurationName = Release;
		};
		3234CDE62216F4F300DBBDAE /* Build configuration list for PBXNativeTarget "Todoey" */ = {
			isa = XCConfigurationList;
			buildConfigurations = (
				3234CDE72216F4F300DBBDAE /* Debug */,
				3234CDE82216F4F300DBBDAE /* Release */,
			);
			defaultConfigurationIsVisible = 0;
			defaultConfigurationName = Release;
		};
/* End XCConfigurationList section */
	};
	rootObject = 3234CDCC2216F4F000DBBDAE /* Project object */;
}
